
Microsoft Visual Studio Solution File, Format Version 12.00
# Visual Studio Version 16
VisualStudioVersion = 16.0.31112.23
MinimumVisualStudioVersion = 10.0.40219.1
Project("{9A19103F-16F7-4668-BE54-9A1E7A4F7556}") = "Data", "Data\Data.csproj", "{C907BC51-DDB2-47FA-B0A7-5015317AD209}"
EndProject
Project("{9A19103F-16F7-4668-BE54-9A1E7A4F7556}") = "Domain", "Domain\Domain.csproj", "{6F73996D-4A45-4451-A91B-EDFA1DB96D65}"
EndProject
Project("{9A19103F-16F7-4668-BE54-9A1E7A4F7556}") = "Api", "Api\Api.csproj", "{6F9CDD8D-7B02-484F-A743-D703E6655CEB}"
EndProject
Project("{9A19103F-16F7-4668-BE54-9A1E7A4F7556}") = "IoC", "IoC\IoC.csproj", "{2F18E9BB-65B7-4275-BEE3-4AB5E893EE49}"
EndProject
Project("{FAE04EC0-301F-11D3-BF4B-00C04F79EFBC}") = "Application", "Application\Application.csproj", "{D36B08D0-3A7A-4C7D-9F43-4CDC0A9D1FFF}"
EndProject
Global
	GlobalSection(SolutionConfigurationPlatforms) = preSolution
		Debug|Any CPU = Debug|Any CPU
		Release|Any CPU = Release|Any CPU
	EndGlobalSection
	GlobalSection(ProjectConfigurationPlatforms) = postSolution
		{C907BC51-DDB2-47FA-B0A7-5015317AD209}.Debug|Any CPU.ActiveCfg = Debug|Any CPU
		{C907BC51-DDB2-47FA-B0A7-5015317AD209}.Debug|Any CPU.Build.0 = Debug|Any CPU
		{C907BC51-DDB2-47FA-B0A7-5015317AD209}.Release|Any CPU.ActiveCfg = Release|Any CPU
		{C907BC51-DDB2-47FA-B0A7-5015317AD209}.Release|Any CPU.Build.0 = Release|Any CPU
		{6F73996D-4A45-4451-A91B-EDFA1DB96D65}.Debug|Any CPU.ActiveCfg = Debug|Any CPU
		{6F73996D-4A45-4451-A91B-EDFA1DB96D65}.Debug|Any CPU.Build.0 = Debug|Any CPU
		{6F73996D-4A45-4451-A91B-EDFA1DB96D65}.Release|Any CPU.ActiveCfg = Release|Any CPU
		{6F73996D-4A45-4451-A91B-EDFA1DB96D65}.Release|Any CPU.Build.0 = Release|Any CPU
		{6F9CDD8D-7B02-484F-A743-D703E6655CEB}.Debug|Any CPU.ActiveCfg = Debug|Any CPU
		{6F9CDD8D-7B02-484F-A743-D703E6655CEB}.Debug|Any CPU.Build.0 = Debug|Any CPU
		{6F9CDD8D-7B02-484F-A743-D703E6655CEB}.Release|Any CPU.ActiveCfg = Release|Any CPU
		{6F9CDD8D-7B02-484F-A743-D703E6655CEB}.Release|Any CPU.Build.0 = Release|Any CPU
		{2F18E9BB-65B7-4275-BEE3-4AB5E893EE49}.Debug|Any CPU.ActiveCfg = Debug|Any CPU
		{2F18E9BB-65B7-4275-BEE3-4AB5E893EE49}.Debug|Any CPU.Build.0 = Debug|Any CPU
		{2F18E9BB-65B7-4275-BEE3-4AB5E893EE49}.Release|Any CPU.ActiveCfg = Release|Any CPU
		{2F18E9BB-65B7-4275-BEE3-4AB5E893EE49}.Release|Any CPU.Build.0 = Release|Any CPU
		{D36B08D0-3A7A-4C7D-9F43-4CDC0A9D1FFF}.Debug|Any CPU.ActiveCfg = Debug|Any CPU
		{D36B08D0-3A7A-4C7D-9F43-4CDC0A9D1FFF}.Debug|Any CPU.Build.0 = Debug|Any CPU
		{D36B08D0-3A7A-4C7D-9F43-4CDC0A9D1FFF}.Release|Any CPU.ActiveCfg = Release|Any CPU
		{D36B08D0-3A7A-4C7D-9F43-4CDC0A9D1FFF}.Release|Any CPU.Build.0 = Release|Any CPU
	EndGlobalSection
	GlobalSection(SolutionProperties) = preSolution
		HideSolutionNode = FALSE
	EndGlobalSection
	GlobalSection(ExtensibilityGlobals) = postSolution
		SolutionGuid = {3E2FE130-6EDE-4758-B305-229665F77890}
	EndGlobalSection
EndGlobal
